// !$*UTF8*$!
{
	archiveVersion = 1;
	classes = {
	};
	objectVersion = 56;
	objects = {

/* Begin PBXBuildFile section */
		6F0FCC8E29222F9F008F55BB /* NotesApp.swift in Sources */ = {isa = PBXBuildFile; fileRef = 6F0FCC8D29222F9F008F55BB /* NotesApp.swift */; };
		6F0FCC9029222F9F008F55BB /* ContentView.swift in Sources */ = {isa = PBXBuildFile; fileRef = 6F0FCC8F29222F9F008F55BB /* ContentView.swift */; };
		6F0FCC9229222FA7008F55BB /* Assets.xcassets in Resources */ = {isa = PBXBuildFile; fileRef = 6F0FCC9129222FA7008F55BB /* Assets.xcassets */; };
		6F0FCC9529222FA7008F55BB /* Preview Assets.xcassets in Resources */ = {isa = PBXBuildFile; fileRef = 6F0FCC9429222FA7008F55BB /* Preview Assets.xcassets */; };
		6F0FCC9729222FA7008F55BB /* Persistence.swift in Sources */ = {isa = PBXBuildFile; fileRef = 6F0FCC9629222FA7008F55BB /* Persistence.swift */; };
		6F0FCC9A29222FA7008F55BB /* Notes.xcdatamodeld in Sources */ = {isa = PBXBuildFile; fileRef = 6F0FCC9829222FA7008F55BB /* Notes.xcdatamodeld */; };
		6F0FCCA12922321B008F55BB /* CreateNoteView.swift in Sources */ = {isa = PBXBuildFile; fileRef = 6F0FCCA02922321B008F55BB /* CreateNoteView.swift */; };
		C85B99CF293A427100B18D53 /* NewContentView.swift in Sources */ = {isa = PBXBuildFile; fileRef = C85B99CE293A427100B18D53 /* NewContentView.swift */; };
		C85B99D1293A43CD00B18D53 /* CreateNewTask.swift in Sources */ = {isa = PBXBuildFile; fileRef = C85B99D0293A43CD00B18D53 /* CreateNewTask.swift */; };
		C85B99D3293A483C00B18D53 /* PickerFrequency.swift in Sources */ = {isa = PBXBuildFile; fileRef = C85B99D2293A483C00B18D53 /* PickerFrequency.swift */; };
		C85B99D5293A5ED600B18D53 /* Categories.swift in Sources */ = {isa = PBXBuildFile; fileRef = C85B99D4293A5ED600B18D53 /* Categories.swift */; };
/* End PBXBuildFile section */

/* Begin PBXFileReference section */
		6F0FCC8A29222F9F008F55BB /* Notes.app */ = {isa = PBXFileReference; explicitFileType = wrapper.application; includeInIndex = 0; path = Notes.app; sourceTree = BUILT_PRODUCTS_DIR; };
		6F0FCC8D29222F9F008F55BB /* NotesApp.swift */ = {isa = PBXFileReference; lastKnownFileType = sourcecode.swift; path = NotesApp.swift; sourceTree = "<group>"; };
		6F0FCC8F29222F9F008F55BB /* ContentView.swift */ = {isa = PBXFileReference; lastKnownFileType = sourcecode.swift; path = ContentView.swift; sourceTree = "<group>"; };
		6F0FCC9129222FA7008F55BB /* Assets.xcassets */ = {isa = PBXFileReference; lastKnownFileType = folder.assetcatalog; path = Assets.xcassets; sourceTree = "<group>"; };
		6F0FCC9429222FA7008F55BB /* Preview Assets.xcassets */ = {isa = PBXFileReference; lastKnownFileType = folder.assetcatalog; path = "Preview Assets.xcassets"; sourceTree = "<group>"; };
		6F0FCC9629222FA7008F55BB /* Persistence.swift */ = {isa = PBXFileReference; lastKnownFileType = sourcecode.swift; path = Persistence.swift; sourceTree = "<group>"; };
		6F0FCC9929222FA7008F55BB /* Notes.xcdatamodel */ = {isa = PBXFileReference; lastKnownFileType = wrapper.xcdatamodel; path = Notes.xcdatamodel; sourceTree = "<group>"; };
		6F0FCCA02922321B008F55BB /* CreateNoteView.swift */ = {isa = PBXFileReference; lastKnownFileType = sourcecode.swift; path = CreateNoteView.swift; sourceTree = "<group>"; };
		C85B99CE293A427100B18D53 /* NewContentView.swift */ = {isa = PBXFileReference; lastKnownFileType = sourcecode.swift; path = NewContentView.swift; sourceTree = "<group>"; };
		C85B99D0293A43CD00B18D53 /* CreateNewTask.swift */ = {isa = PBXFileReference; lastKnownFileType = sourcecode.swift; path = CreateNewTask.swift; sourceTree = "<group>"; };
		C85B99D2293A483C00B18D53 /* PickerFrequency.swift */ = {isa = PBXFileReference; lastKnownFileType = sourcecode.swift; path = PickerFrequency.swift; sourceTree = "<group>"; };
		C85B99D4293A5ED600B18D53 /* Categories.swift */ = {isa = PBXFileReference; lastKnownFileType = sourcecode.swift; path = Categories.swift; sourceTree = "<group>"; };
/* End PBXFileReference section */

/* Begin PBXFrameworksBuildPhase section */
		6F0FCC8729222F9F008F55BB /* Frameworks */ = {
			isa = PBXFrameworksBuildPhase;
			buildActionMask = 2147483647;
			files = (
			);
			runOnlyForDeploymentPostprocessing = 0;
		};
/* End PBXFrameworksBuildPhase section */

/* Begin PBXGroup section */
		6F0FCC8129222F9F008F55BB = {
			isa = PBXGroup;
			children = (
				C85B99D4293A5ED600B18D53 /* Categories.swift */,
				C85B99D2293A483C00B18D53 /* PickerFrequency.swift */,
				C85B99D0293A43CD00B18D53 /* CreateNewTask.swift */,
				C85B99CE293A427100B18D53 /* NewContentView.swift */,
				6F0FCC8C29222F9F008F55BB /* Notes */,
				6F0FCC8B29222F9F008F55BB /* Products */,
			);
			sourceTree = "<group>";
		};
		6F0FCC8B29222F9F008F55BB /* Products */ = {
			isa = PBXGroup;
			children = (
				6F0FCC8A29222F9F008F55BB /* Notes.app */,
			);
			name = Products;
			sourceTree = "<group>";
		};
		6F0FCC8C29222F9F008F55BB /* Notes */ = {
			isa = PBXGroup;
			children = (
				6F0FCC8D29222F9F008F55BB /* NotesApp.swift */,
				6F0FCC8F29222F9F008F55BB /* ContentView.swift */,
				6F0FCCA02922321B008F55BB /* CreateNoteView.swift */,
				6F0FCC9129222FA7008F55BB /* Assets.xcassets */,
				6F0FCC9629222FA7008F55BB /* Persistence.swift */,
				6F0FCC9829222FA7008F55BB /* Notes.xcdatamodeld */,
				6F0FCC9329222FA7008F55BB /* Preview Content */,
			);
			path = Notes;
			sourceTree = "<group>";
		};
		6F0FCC9329222FA7008F55BB /* Preview Content */ = {
			isa = PBXGroup;
			children = (
				6F0FCC9429222FA7008F55BB /* Preview Assets.xcassets */,
			);
			path = "Preview Content";
			sourceTree = "<group>";
		};
/* End PBXGroup section */

/* Begin PBXNativeTarget section */
		6F0FCC8929222F9F008F55BB /* Notes */ = {
			isa = PBXNativeTarget;
			buildConfigurationList = 6F0FCC9D29222FA7008F55BB /* Build configuration list for PBXNativeTarget "Notes" */;
			buildPhases = (
				6F0FCC8629222F9F008F55BB /* Sources */,
				6F0FCC8729222F9F008F55BB /* Frameworks */,
				6F0FCC8829222F9F008F55BB /* Resources */,
			);
			buildRules = (
			);
			dependencies = (
			);
			name = Notes;
			productName = Notes;
			productReference = 6F0FCC8A29222F9F008F55BB /* Notes.app */;
			productType = "com.apple.product-type.application";
		};
/* End PBXNativeTarget section */

/* Begin PBXProject section */
		6F0FCC8229222F9F008F55BB /* Project object */ = {
			isa = PBXProject;
			attributes = {
				BuildIndependentTargetsInParallel = 1;
				LastSwiftUpdateCheck = 1400;
				LastUpgradeCheck = 1400;
				TargetAttributes = {
					6F0FCC8929222F9F008F55BB = {
						CreatedOnToolsVersion = 14.0;
					};
				};
			};
			buildConfigurationList = 6F0FCC8529222F9F008F55BB /* Build configuration list for PBXProject "Notes" */;
			compatibilityVersion = "Xcode 14.0";
			developmentRegion = en;
			hasScannedForEncodings = 0;
			knownRegions = (
				en,
				Base,
			);
			mainGroup = 6F0FCC8129222F9F008F55BB;
			productRefGroup = 6F0FCC8B29222F9F008F55BB /* Products */;
			projectDirPath = "";
			projectRoot = "";
			targets = (
				6F0FCC8929222F9F008F55BB /* Notes */,
			);
		};
/* End PBXProject section */

/* Begin PBXResourcesBuildPhase section */
		6F0FCC8829222F9F008F55BB /* Resources */ = {
			isa = PBXResourcesBuildPhase;
			buildActionMask = 2147483647;
			files = (
				6F0FCC9529222FA7008F55BB /* Preview Assets.xcassets in Resources */,
				6F0FCC9229222FA7008F55BB /* Assets.xcassets in Resources */,
			);
			runOnlyForDeploymentPostprocessing = 0;
		};
/* End PBXResourcesBuildPhase section */

/* Begin PBXSourcesBuildPhase section */
		6F0FCC8629222F9F008F55BB /* Sources */ = {
			isa = PBXSourcesBuildPhase;
			buildActionMask = 2147483647;
			files = (
				C85B99D3293A483C00B18D53 /* PickerFrequency.swift in Sources */,
				C85B99D1293A43CD00B18D53 /* CreateNewTask.swift in Sources */,
				6F0FCC9729222FA7008F55BB /* Persistence.swift in Sources */,
				C85B99CF293A427100B18D53 /* NewContentView.swift in Sources */,
				6F0FCC9029222F9F008F55BB /* ContentView.swift in Sources */,
				C85B99D5293A5ED600B18D53 /* Categories.swift in Sources */,
				6F0FCC8E29222F9F008F55BB /* NotesApp.swift in Sources */,
				6F0FCCA12922321B008F55BB /* CreateNoteView.swift in Sources */,
				6F0FCC9A29222FA7008F55BB /* Notes.xcdatamodeld in Sources */,
			);
			runOnlyForDeploymentPostprocessing = 0;
		};
/* End PBXSourcesBuildPhase section */

/* Begin XCBuildConfiguration section */
		6F0FCC9B29222FA7008F55BB /* Debug */ = {
			isa = XCBuildConfiguration;
			buildSettings = {
				ALWAYS_SEARCH_USER_PATHS = NO;
				CLANG_ANALYZER_NONNULL = YES;
				CLANG_ANALYZER_NUMBER_OBJECT_CONVERSION = YES_AGGRESSIVE;
				CLANG_CXX_LANGUAGE_STANDARD = "gnu++20";
				CLANG_ENABLE_MODULES = YES;
				CLANG_ENABLE_OBJC_ARC = YES;
				CLANG_ENABLE_OBJC_WEAK = YES;
				CLANG_WARN_BLOCK_CAPTURE_AUTORELEASING = YES;
				CLANG_WARN_BOOL_CONVERSION = YES;
				CLANG_WARN_COMMA = YES;
				CLANG_WARN_CONSTANT_CONVERSION = YES;
				CLANG_WARN_DEPRECATED_OBJC_IMPLEMENTATIONS = YES;
				CLANG_WARN_DIRECT_OBJC_ISA_USAGE = YES_ERROR;
				CLANG_WARN_DOCUMENTATION_COMMENTS = YES;
				CLANG_WARN_EMPTY_BODY = YES;
				CLANG_WARN_ENUM_CONVERSION = YES;
				CLANG_WARN_INFINITE_RECURSION = YES;
				CLANG_WARN_INT_CONVERSION = YES;
				CLANG_WARN_NON_LITERAL_NULL_CONVERSION = YES;
				CLANG_WARN_OBJC_IMPLICIT_RETAIN_SELF = YES;
				CLANG_WARN_OBJC_LITERAL_CONVERSION = YES;
				CLANG_WARN_OBJC_ROOT_CLASS = YES_ERROR;
				CLANG_WARN_QUOTED_INCLUDE_IN_FRAMEWORK_HEADER = YES;
				CLANG_WARN_RANGE_LOOP_ANALYSIS = YES;
				CLANG_WARN_STRICT_PROTOTYPES = YES;
				CLANG_WARN_SUSPICIOUS_MOVE = YES;
				CLANG_WARN_UNGUARDED_AVAILABILITY = YES_AGGRESSIVE;
				CLANG_WARN_UNREACHABLE_CODE = YES;
				CLANG_WARN__DUPLICATE_METHOD_MATCH = YES;
				COPY_PHASE_STRIP = NO;
				DEBUG_INFORMATION_FORMAT = dwarf;
				ENABLE_STRICT_OBJC_MSGSEND = YES;
				ENABLE_TESTABILITY = YES;
				GCC_C_LANGUAGE_STANDARD = gnu11;
				GCC_DYNAMIC_NO_PIC = NO;
				GCC_NO_COMMON_BLOCKS = YES;
				GCC_OPTIMIZATION_LEVEL = 0;
				GCC_PREPROCESSOR_DEFINITIONS = (
					"DEBUG=1",
					"$(inherited)",
				);
				GCC_WARN_64_TO_32_BIT_CONVERSION = YES;
				GCC_WARN_ABOUT_RETURN_TYPE = YES_ERROR;
				GCC_WARN_UNDECLARED_SELECTOR = YES;
				GCC_WARN_UNINITIALIZED_AUTOS = YES_AGGRESSIVE;
				GCC_WARN_UNUSED_FUNCTION = YES;
				GCC_WARN_UNUSED_VARIABLE = YES;
				IPHONEOS_DEPLOYMENT_TARGET = 16.0;
				MTL_ENABLE_DEBUG_INFO = INCLUDE_SOURCE;
				MTL_FAST_MATH = YES;
				ONLY_ACTIVE_ARCH = YES;
				SDKROOT = iphoneos;
				SWIFT_ACTIVE_COMPILATION_CONDITIONS = DEBUG;
				SWIFT_OPTIMIZATION_LEVEL = "-Onone";
			};
			name = Debug;
		};
		6F0FCC9C29222FA7008F55BB /* Release */ = {
			isa = XCBuildConfiguration;
			buildSettings = {
				ALWAYS_SEARCH_USER_PATHS = NO;
				CLANG_ANALYZER_NONNULL = YES;
				CLANG_ANALYZER_NUMBER_OBJECT_CONVERSION = YES_AGGRESSIVE;
				CLANG_CXX_LANGUAGE_STANDARD = "gnu++20";
				CLANG_ENABLE_MODULES = YES;
				CLANG_ENABLE_OBJC_ARC = YES;
				CLANG_ENABLE_OBJC_WEAK = YES;
				CLANG_WARN_BLOCK_CAPTURE_AUTORELEASING = YES;
				CLANG_WARN_BOOL_CONVERSION = YES;
				CLANG_WARN_COMMA = YES;
				CLANG_WARN_CONSTANT_CONVERSION = YES;
				CLANG_WARN_DEPRECATED_OBJC_IMPLEMENTATIONS = YES;
				CLANG_WARN_DIRECT_OBJC_ISA_USAGE = YES_ERROR;
				CLANG_WARN_DOCUMENTATION_COMMENTS = YES;
				CLANG_WARN_EMPTY_BODY = YES;
				CLANG_WARN_ENUM_CONVERSION = YES;
				CLANG_WARN_INFINITE_RECURSION = YES;
				CLANG_WARN_INT_CONVERSION = YES;
				CLANG_WARN_NON_LITERAL_NULL_CONVERSION = YES;
				CLANG_WARN_OBJC_IMPLICIT_RETAIN_SELF = YES;
				CLANG_WARN_OBJC_LITERAL_CONVERSION = YES;
				CLANG_WARN_OBJC_ROOT_CLASS = YES_ERROR;
				CLANG_WARN_QUOTED_INCLUDE_IN_FRAMEWORK_HEADER = YES;
				CLANG_WARN_RANGE_LOOP_ANALYSIS = YES;
				CLANG_WARN_STRICT_PROTOTYPES = YES;
				CLANG_WARN_SUSPICIOUS_MOVE = YES;
				CLANG_WARN_UNGUARDED_AVAILABILITY = YES_AGGRESSIVE;
				CLANG_WARN_UNREACHABLE_CODE = YES;
				CLANG_WARN__DUPLICATE_METHOD_MATCH = YES;
				COPY_PHASE_STRIP = NO;
				DEBUG_INFORMATION_FORMAT = "dwarf-with-dsym";
				ENABLE_NS_ASSERTIONS = NO;
				ENABLE_STRICT_OBJC_MSGSEND = YES;
				GCC_C_LANGUAGE_STANDARD = gnu11;
				GCC_NO_COMMON_BLOCKS = YES;
				GCC_WARN_64_TO_32_BIT_CONVERSION = YES;
				GCC_WARN_ABOUT_RETURN_TYPE = YES_ERROR;
				GCC_WARN_UNDECLARED_SELECTOR = YES;
				GCC_WARN_UNINITIALIZED_AUTOS = YES_AGGRESSIVE;
				GCC_WARN_UNUSED_FUNCTION = YES;
				GCC_WARN_UNUSED_VARIABLE = YES;
				IPHONEOS_DEPLOYMENT_TARGET = 16.0;
				MTL_ENABLE_DEBUG_INFO = NO;
				MTL_FAST_MATH = YES;
				SDKROOT = iphoneos;
				SWIFT_COMPILATION_MODE = wholemodule;
				SWIFT_OPTIMIZATION_LEVEL = "-O";
				VALIDATE_PRODUCT = YES;
			};
			name = Release;
		};
		6F0FCC9E29222FA7008F55BB /* Debug */ = {
			isa = XCBuildConfiguration;
			buildSettings = {
				ASSETCATALOG_COMPILER_APPICON_NAME = AppIcon;
				ASSETCATALOG_COMPILER_GLOBAL_ACCENT_COLOR_NAME = AccentColor;
				CODE_SIGN_STYLE = Automatic;
				CURRENT_PROJECT_VERSION = 1;
				DEVELOPMENT_ASSET_PATHS = "\"Notes/Preview Content\"";
				DEVELOPMENT_TEAM = P5RVDFY3KV;
				ENABLE_PREVIEWS = YES;
				GENERATE_INFOPLIST_FILE = YES;
				INFOPLIST_KEY_UIApplicationSceneManifest_Generation = YES;
				INFOPLIST_KEY_UIApplicationSupportsIndirectInputEvents = YES;
				INFOPLIST_KEY_UILaunchScreen_Generation = YES;
				INFOPLIST_KEY_UISupportedInterfaceOrientations_iPad = "UIInterfaceOrientationPortrait UIInterfaceOrientationPortraitUpsideDown UIInterfaceOrientationLandscapeLeft UIInterfaceOrientationLandscapeRight";
				INFOPLIST_KEY_UISupportedInterfaceOrientations_iPhone = "UIInterfaceOrientationPortrait UIInterfaceOrientationLandscapeLeft UIInterfaceOrientationLandscapeRight";
				LD_RUNPATH_SEARCH_PATHS = (
					"$(inherited)",
					"@executable_path/Frameworks",
				);
				MARKETING_VERSION = 1.0;
				PRODUCT_BUNDLE_IDENTIFIER = io.garrit.demo.Notes;
				PRODUCT_NAME = "$(TARGET_NAME)";
				SWIFT_EMIT_LOC_STRINGS = YES;
				SWIFT_VERSION = 5.0;
				TARGETED_DEVICE_FAMILY = "1,2";
			};
			name = Debug;
		};
		6F0FCC9F29222FA7008F55BB /* Release */ = {
			isa = XCBuildConfiguration;
			buildSettings = {
				ASSETCATALOG_COMPILER_APPICON_NAME = AppIcon;
				ASSETCATALOG_COMPILER_GLOBAL_ACCENT_COLOR_NAME = AccentColor;
				CODE_SIGN_STYLE = Automatic;
				CURRENT_PROJECT_VERSION = 1;
				DEVELOPMENT_ASSET_PATHS = "\"Notes/Preview Content\"";
				DEVELOPMENT_TEAM = P5RVDFY3KV;
				ENABLE_PREVIEWS = YES;
				GENERATE_INFOPLIST_FILE = YES;
				INFOPLIST_KEY_UIApplicationSceneManifest_Generation = YES;
				INFOPLIST_KEY_UIApplicationSupportsIndirectInputEvents = YES;
				INFOPLIST_KEY_UILaunchScreen_Generation = YES;
				INFOPLIST_KEY_UISupportedInterfaceOrientations_iPad = "UIInterfaceOrientationPortrait UIInterfaceOrientationPortraitUpsideDown UIInterfaceOrientationLandscapeLeft UIInterfaceOrientationLandscapeRight";
				INFOPLIST_KEY_UISupportedInterfaceOrientations_iPhone = "UIInterfaceOrientationPortrait UIInterfaceOrientationLandscapeLeft UIInterfaceOrientationLandscapeRight";
				LD_RUNPATH_SEARCH_PATHS = (
					"$(inherited)",
					"@executable_path/Frameworks",
				);
				MARKETING_VERSION = 1.0;
				PRODUCT_BUNDLE_IDENTIFIER = io.garrit.demo.Notes;
				PRODUCT_NAME = "$(TARGET_NAME)";
				SWIFT_EMIT_LOC_STRINGS = YES;
				SWIFT_VERSION = 5.0;
				TARGETED_DEVICE_FAMILY = "1,2";
			};
			name = Release;
		};
/* End XCBuildConfiguration section */

/* Begin XCConfigurationList section */
		6F0FCC8529222F9F008F55BB /* Build configuration list for PBXProject "Notes" */ = {
			isa = XCConfigurationList;
			buildConfigurations = (
				6F0FCC9B29222FA7008F55BB /* Debug */,
				6F0FCC9C29222FA7008F55BB /* Release */,
			);
			defaultConfigurationIsVisible = 0;
			defaultConfigurationName = Release;
		};
		6F0FCC9D29222FA7008F55BB /* Build configuration list for PBXNativeTarget "Notes" */ = {
			isa = XCConfigurationList;
			buildConfigurations = (
				6F0FCC9E29222FA7008F55BB /* Debug */,
				6F0FCC9F29222FA7008F55BB /* Release */,
			);
			defaultConfigurationIsVisible = 0;
			defaultConfigurationName = Release;
		};
/* End XCConfigurationList section */

/* Begin XCVersionGroup section */
		6F0FCC9829222FA7008F55BB /* Notes.xcdatamodeld */ = {
			isa = XCVersionGroup;
			children = (
				6F0FCC9929222FA7008F55BB /* Notes.xcdatamodel */,
			);
			currentVersion = 6F0FCC9929222FA7008F55BB /* Notes.xcdatamodel */;
			path = Notes.xcdatamodeld;
			sourceTree = "<group>";
			versionGroupType = wrapper.xcdatamodel;
		};
/* End XCVersionGroup section */
	};
	rootObject = 6F0FCC8229222F9F008F55BB /* Project object */;
}
